
Microsoft Visual Studio Solution File, Format Version 12.00
# Visual Studio Version 16
VisualStudioVersion = 16.0.29926.136
MinimumVisualStudioVersion = 15.0.26124.0
Project("{9A19103F-16F7-4668-BE54-9A1E7A4F7556}") = "LEDerZaumzeug", "LEDerZaumzeug\LEDerZaumzeug.csproj", "{36D7C477-D762-4327-9D39-3C55F102215C}"
EndProject
Project("{9A19103F-16F7-4668-BE54-9A1E7A4F7556}") = "LEDerZaumzeug.Test", "LEDerZaumzeug.Test\LEDerZaumzeug.Test.csproj", "{0274B980-A3C1-4861-B3AA-E024972474AB}"
EndProject
Project("{9A19103F-16F7-4668-BE54-9A1E7A4F7556}") = "LEDerWand", "AvaLEDerWand\LEDerWand.csproj", "{15F1473F-509D-4E80-B4FA-9EDB10F76E10}"
EndProject
Project("{9A19103F-16F7-4668-BE54-9A1E7A4F7556}") = "LEDerZaumzeugLib", "LEDerZaumzeugLib\LEDerZaumzeugLib.csproj", "{4F84FAA8-0A24-4647-B8B9-77846D19E570}"
EndProject
Project("{9A19103F-16F7-4668-BE54-9A1E7A4F7556}") = "LEDerZaumGUI", "LEDerZaumGUI\LEDerZaumGUI.csproj", "{1D071711-C29A-4FB3-8A8E-0A6DB38FF642}"
EndProject
Project("{6EC3EE1D-3C4E-46DD-8F32-0CC8E7565705}") = "PluginsFSharp", "PluginsFSharp\PluginsFSharp.fsproj", "{DBA1C30E-CC8A-4160-BA2D-B30838C9878D}"
EndProject
Global
	GlobalSection(SolutionConfigurationPlatforms) = preSolution
		Debug|Any CPU = Debug|Any CPU
		Debug|x64 = Debug|x64
		Debug|x86 = Debug|x86
		Release|Any CPU = Release|Any CPU
		Release|x64 = Release|x64
		Release|x86 = Release|x86
	EndGlobalSection
	GlobalSection(ProjectConfigurationPlatforms) = postSolution
		{36D7C477-D762-4327-9D39-3C55F102215C}.Debug|Any CPU.ActiveCfg = Debug|Any CPU
		{36D7C477-D762-4327-9D39-3C55F102215C}.Debug|Any CPU.Build.0 = Debug|Any CPU
		{36D7C477-D762-4327-9D39-3C55F102215C}.Debug|x64.ActiveCfg = Debug|Any CPU
		{36D7C477-D762-4327-9D39-3C55F102215C}.Debug|x64.Build.0 = Debug|Any CPU
		{36D7C477-D762-4327-9D39-3C55F102215C}.Debug|x86.ActiveCfg = Debug|Any CPU
		{36D7C477-D762-4327-9D39-3C55F102215C}.Debug|x86.Build.0 = Debug|Any CPU
		{36D7C477-D762-4327-9D39-3C55F102215C}.Release|Any CPU.ActiveCfg = Release|Any CPU
		{36D7C477-D762-4327-9D39-3C55F102215C}.Release|Any CPU.Build.0 = Release|Any CPU
		{36D7C477-D762-4327-9D39-3C55F102215C}.Release|x64.ActiveCfg = Release|Any CPU
		{36D7C477-D762-4327-9D39-3C55F102215C}.Release|x64.Build.0 = Release|Any CPU
		{36D7C477-D762-4327-9D39-3C55F102215C}.Release|x86.ActiveCfg = Release|Any CPU
		{36D7C477-D762-4327-9D39-3C55F102215C}.Release|x86.Build.0 = Release|Any CPU
		{0274B980-A3C1-4861-B3AA-E024972474AB}.Debug|Any CPU.ActiveCfg = Debug|Any CPU
		{0274B980-A3C1-4861-B3AA-E024972474AB}.Debug|Any CPU.Build.0 = Debug|Any CPU
		{0274B980-A3C1-4861-B3AA-E024972474AB}.Debug|x64.ActiveCfg = Debug|Any CPU
		{0274B980-A3C1-4861-B3AA-E024972474AB}.Debug|x64.Build.0 = Debug|Any CPU
		{0274B980-A3C1-4861-B3AA-E024972474AB}.Debug|x86.ActiveCfg = Debug|Any CPU
		{0274B980-A3C1-4861-B3AA-E024972474AB}.Debug|x86.Build.0 = Debug|Any CPU
		{0274B980-A3C1-4861-B3AA-E024972474AB}.Release|Any CPU.ActiveCfg = Release|Any CPU
		{0274B980-A3C1-4861-B3AA-E024972474AB}.Release|Any CPU.Build.0 = Release|Any CPU
		{0274B980-A3C1-4861-B3AA-E024972474AB}.Release|x64.ActiveCfg = Release|Any CPU
		{0274B980-A3C1-4861-B3AA-E024972474AB}.Release|x64.Build.0 = Release|Any CPU
		{0274B980-A3C1-4861-B3AA-E024972474AB}.Release|x86.ActiveCfg = Release|Any CPU
		{0274B980-A3C1-4861-B3AA-E024972474AB}.Release|x86.Build.0 = Release|Any CPU
		{15F1473F-509D-4E80-B4FA-9EDB10F76E10}.Debug|Any CPU.ActiveCfg = Debug|Any CPU
		{15F1473F-509D-4E80-B4FA-9EDB10F76E10}.Debug|Any CPU.Build.0 = Debug|Any CPU
		{15F1473F-509D-4E80-B4FA-9EDB10F76E10}.Debug|x64.ActiveCfg = Debug|Any CPU
		{15F1473F-509D-4E80-B4FA-9EDB10F76E10}.Debug|x64.Build.0 = Debug|Any CPU
		{15F1473F-509D-4E80-B4FA-9EDB10F76E10}.Debug|x86.ActiveCfg = Debug|Any CPU
		{15F1473F-509D-4E80-B4FA-9EDB10F76E10}.Debug|x86.Build.0 = Debug|Any CPU
		{15F1473F-509D-4E80-B4FA-9EDB10F76E10}.Release|Any CPU.ActiveCfg = Release|Any CPU
		{15F1473F-509D-4E80-B4FA-9EDB10F76E10}.Release|Any CPU.Build.0 = Release|Any CPU
		{15F1473F-509D-4E80-B4FA-9EDB10F76E10}.Release|x64.ActiveCfg = Release|Any CPU
		{15F1473F-509D-4E80-B4FA-9EDB10F76E10}.Release|x64.Build.0 = Release|Any CPU
		{15F1473F-509D-4E80-B4FA-9EDB10F76E10}.Release|x86.ActiveCfg = Release|Any CPU
		{15F1473F-509D-4E80-B4FA-9EDB10F76E10}.Release|x86.Build.0 = Release|Any CPU
		{4F84FAA8-0A24-4647-B8B9-77846D19E570}.Debug|Any CPU.ActiveCfg = Debug|Any CPU
		{4F84FAA8-0A24-4647-B8B9-77846D19E570}.Debug|Any CPU.Build.0 = Debug|Any CPU
		{4F84FAA8-0A24-4647-B8B9-77846D19E570}.Debug|x64.ActiveCfg = Debug|Any CPU
		{4F84FAA8-0A24-4647-B8B9-77846D19E570}.Debug|x64.Build.0 = Debug|Any CPU
		{4F84FAA8-0A24-4647-B8B9-77846D19E570}.Debug|x86.ActiveCfg = Debug|Any CPU
		{4F84FAA8-0A24-4647-B8B9-77846D19E570}.Debug|x86.Build.0 = Debug|Any CPU
		{4F84FAA8-0A24-4647-B8B9-77846D19E570}.Release|Any CPU.ActiveCfg = Release|Any CPU
		{4F84FAA8-0A24-4647-B8B9-77846D19E570}.Release|Any CPU.Build.0 = Release|Any CPU
		{4F84FAA8-0A24-4647-B8B9-77846D19E570}.Release|x64.ActiveCfg = Release|Any CPU
		{4F84FAA8-0A24-4647-B8B9-77846D19E570}.Release|x64.Build.0 = Release|Any CPU
		{4F84FAA8-0A24-4647-B8B9-77846D19E570}.Release|x86.ActiveCfg = Release|Any CPU
		{4F84FAA8-0A24-4647-B8B9-77846D19E570}.Release|x86.Build.0 = Release|Any CPU
		{1D071711-C29A-4FB3-8A8E-0A6DB38FF642}.Debug|Any CPU.ActiveCfg = Debug|Any CPU
		{1D071711-C29A-4FB3-8A8E-0A6DB38FF642}.Debug|Any CPU.Build.0 = Debug|Any CPU
		{1D071711-C29A-4FB3-8A8E-0A6DB38FF642}.Debug|x64.ActiveCfg = Debug|Any CPU
		{1D071711-C29A-4FB3-8A8E-0A6DB38FF642}.Debug|x64.Build.0 = Debug|Any CPU
		{1D071711-C29A-4FB3-8A8E-0A6DB38FF642}.Debug|x86.ActiveCfg = Debug|Any CPU
		{1D071711-C29A-4FB3-8A8E-0A6DB38FF642}.Debug|x86.Build.0 = Debug|Any CPU
		{1D071711-C29A-4FB3-8A8E-0A6DB38FF642}.Release|Any CPU.ActiveCfg = Release|Any CPU
		{1D071711-C29A-4FB3-8A8E-0A6DB38FF642}.Release|Any CPU.Build.0 = Release|Any CPU
		{1D071711-C29A-4FB3-8A8E-0A6DB38FF642}.Release|x64.ActiveCfg = Release|Any CPU
		{1D071711-C29A-4FB3-8A8E-0A6DB38FF642}.Release|x64.Build.0 = Release|Any CPU
		{1D071711-C29A-4FB3-8A8E-0A6DB38FF642}.Release|x86.ActiveCfg = Release|Any CPU
		{1D071711-C29A-4FB3-8A8E-0A6DB38FF642}.Release|x86.Build.0 = Release|Any CPU
		{DBA1C30E-CC8A-4160-BA2D-B30838C9878D}.Debug|Any CPU.ActiveCfg = Debug|Any CPU
		{DBA1C30E-CC8A-4160-BA2D-B30838C9878D}.Debug|Any CPU.Build.0 = Debug|Any CPU
		{DBA1C30E-CC8A-4160-BA2D-B30838C9878D}.Debug|x64.ActiveCfg = Debug|Any CPU
		{DBA1C30E-CC8A-4160-BA2D-B30838C9878D}.Debug|x64.Build.0 = Debug|Any CPU
		{DBA1C30E-CC8A-4160-BA2D-B30838C9878D}.Debug|x86.ActiveCfg = Debug|Any CPU
		{DBA1C30E-CC8A-4160-BA2D-B30838C9878D}.Debug|x86.Build.0 = Debug|Any CPU
		{DBA1C30E-CC8A-4160-BA2D-B30838C9878D}.Release|Any CPU.ActiveCfg = Release|Any CPU
		{DBA1C30E-CC8A-4160-BA2D-B30838C9878D}.Release|Any CPU.Build.0 = Release|Any CPU
		{DBA1C30E-CC8A-4160-BA2D-B30838C9878D}.Release|x64.ActiveCfg = Release|Any CPU
		{DBA1C30E-CC8A-4160-BA2D-B30838C9878D}.Release|x64.Build.0 = Release|Any CPU
		{DBA1C30E-CC8A-4160-BA2D-B30838C9878D}.Release|x86.ActiveCfg = Release|Any CPU
		{DBA1C30E-CC8A-4160-BA2D-B30838C9878D}.Release|x86.Build.0 = Release|Any CPU
	EndGlobalSection
	GlobalSection(SolutionProperties) = preSolution
		HideSolutionNode = FALSE
	EndGlobalSection
	GlobalSection(ExtensibilityGlobals) = postSolution
		SolutionGuid = {C311B4D1-7D68-4A6B-9CA8-8E3EC26200A8}
	EndGlobalSection
EndGlobal
